// !$*UTF8*$!
{
	archiveVersion = 1;
	classes = {
	};
	objectVersion = 52;
	objects = {

/* Begin PBXBuildFile section */
		785BCAD229E1E5B2003FC5E4 /* MailCell.swift in Sources */ = {isa = PBXBuildFile; fileRef = 785BCAD129E1E5B2003FC5E4 /* MailCell.swift */; };
		785BCADA29E2B702003FC5E4 /* MailClientNotifications.swift in Sources */ = {isa = PBXBuildFile; fileRef = 785BCAD929E2B702003FC5E4 /* MailClientNotifications.swift */; };
		78997D9A29E1A747005CFFDD /* CreateAccountVC.swift in Sources */ = {isa = PBXBuildFile; fileRef = 78997D9929E1A747005CFFDD /* CreateAccountVC.swift */; };
		78AE0B1D29E0F8060029260B /* XCGLogger in Frameworks */ = {isa = PBXBuildFile; productRef = 78AE0B1C29E0F8060029260B /* XCGLogger */; };
		78AE0B2029E0F8200029260B /* MailCore2 in Frameworks */ = {isa = PBXBuildFile; productRef = 78AE0B1F29E0F8200029260B /* MailCore2 */; };
		78AE0B2229E197BF0029260B /* MailClientParameters.swift in Sources */ = {isa = PBXBuildFile; fileRef = 78AE0B2129E197BF0029260B /* MailClientParameters.swift */; };
		78C082D629E32DF300FDD9AC /* SendMailVC.swift in Sources */ = {isa = PBXBuildFile; fileRef = 78C082D529E32DF300FDD9AC /* SendMailVC.swift */; };
		E24441E1263B0996006953C4 /* SWRevealViewController.m in Sources */ = {isa = PBXBuildFile; fileRef = E24441DF263B0996006953C4 /* SWRevealViewController.m */; };
		E24441E6263B2C96006953C4 /* MailboxMessagesVC.swift in Sources */ = {isa = PBXBuildFile; fileRef = E24441E5263B2C96006953C4 /* MailboxMessagesVC.swift */; };
		E24441E8263B2CB1006953C4 /* MailboxFoldersVC.swift in Sources */ = {isa = PBXBuildFile; fileRef = E24441E7263B2CB1006953C4 /* MailboxFoldersVC.swift */; };
		E24441EA263B377D006953C4 /* GradientView.swift in Sources */ = {isa = PBXBuildFile; fileRef = E24441E9263B377D006953C4 /* GradientView.swift */; };
		E24441EF263B63C0006953C4 /* LoginVC.swift in Sources */ = {isa = PBXBuildFile; fileRef = E24441EE263B63C0006953C4 /* LoginVC.swift */; };
		E291C930269A969F0064471B /* MailboxFolderCell.swift in Sources */ = {isa = PBXBuildFile; fileRef = E291C92F269A969F0064471B /* MailboxFolderCell.swift */; };
		E2C03E9D26762EAA00A7335C /* RoundedButton.swift in Sources */ = {isa = PBXBuildFile; fileRef = E2C03E9C26762EAA00A7335C /* RoundedButton.swift */; };
		E2C2A8A1263AEF74007695C7 /* AppDelegate.swift in Sources */ = {isa = PBXBuildFile; fileRef = E2C2A8A0263AEF74007695C7 /* AppDelegate.swift */; };
		E2C2A8A8263AEF74007695C7 /* Main.storyboard in Resources */ = {isa = PBXBuildFile; fileRef = E2C2A8A6263AEF74007695C7 /* Main.storyboard */; };
		E2C2A8AA263AEF76007695C7 /* Assets.xcassets in Resources */ = {isa = PBXBuildFile; fileRef = E2C2A8A9263AEF76007695C7 /* Assets.xcassets */; };
		E2C2A8AD263AEF76007695C7 /* LaunchScreen.storyboard in Resources */ = {isa = PBXBuildFile; fileRef = E2C2A8AB263AEF76007695C7 /* LaunchScreen.storyboard */; };
/* End PBXBuildFile section */

/* Begin PBXFileReference section */
		785BCAD129E1E5B2003FC5E4 /* MailCell.swift */ = {isa = PBXFileReference; fileEncoding = 4; lastKnownFileType = sourcecode.swift; path = MailCell.swift; sourceTree = "<group>"; };
		785BCAD929E2B702003FC5E4 /* MailClientNotifications.swift */ = {isa = PBXFileReference; lastKnownFileType = sourcecode.swift; path = MailClientNotifications.swift; sourceTree = "<group>"; };
		78997D9929E1A747005CFFDD /* CreateAccountVC.swift */ = {isa = PBXFileReference; fileEncoding = 4; lastKnownFileType = sourcecode.swift; path = CreateAccountVC.swift; sourceTree = "<group>"; };
		78AE0B2129E197BF0029260B /* MailClientParameters.swift */ = {isa = PBXFileReference; lastKnownFileType = sourcecode.swift; path = MailClientParameters.swift; sourceTree = "<group>"; };
		78C082D529E32DF300FDD9AC /* SendMailVC.swift */ = {isa = PBXFileReference; fileEncoding = 4; lastKnownFileType = sourcecode.swift; path = SendMailVC.swift; sourceTree = "<group>"; };
		E24441DE263B0995006953C4 /* SynthMail-Bridging-Header.h */ = {isa = PBXFileReference; lastKnownFileType = sourcecode.c.h; path = "SynthMail-Bridging-Header.h"; sourceTree = "<group>"; };
		E24441DF263B0996006953C4 /* SWRevealViewController.m */ = {isa = PBXFileReference; fileEncoding = 4; lastKnownFileType = sourcecode.c.objc; path = SWRevealViewController.m; sourceTree = "<group>"; };
		E24441E0263B0996006953C4 /* SWRevealViewController.h */ = {isa = PBXFileReference; fileEncoding = 4; lastKnownFileType = sourcecode.c.h; path = SWRevealViewController.h; sourceTree = "<group>"; };
		E24441E5263B2C96006953C4 /* MailboxMessagesVC.swift */ = {isa = PBXFileReference; lastKnownFileType = sourcecode.swift; path = MailboxMessagesVC.swift; sourceTree = "<group>"; };
		E24441E7263B2CB1006953C4 /* MailboxFoldersVC.swift */ = {isa = PBXFileReference; lastKnownFileType = sourcecode.swift; path = MailboxFoldersVC.swift; sourceTree = "<group>"; };
		E24441E9263B377D006953C4 /* GradientView.swift */ = {isa = PBXFileReference; lastKnownFileType = sourcecode.swift; path = GradientView.swift; sourceTree = "<group>"; };
		E24441EE263B63C0006953C4 /* LoginVC.swift */ = {isa = PBXFileReference; lastKnownFileType = sourcecode.swift; path = LoginVC.swift; sourceTree = "<group>"; };
		E291C92F269A969F0064471B /* MailboxFolderCell.swift */ = {isa = PBXFileReference; lastKnownFileType = sourcecode.swift; path = MailboxFolderCell.swift; sourceTree = "<group>"; };
		E2C03E9C26762EAA00A7335C /* RoundedButton.swift */ = {isa = PBXFileReference; lastKnownFileType = sourcecode.swift; path = RoundedButton.swift; sourceTree = "<group>"; };
		E2C2A89D263AEF74007695C7 /* SynthMail.app */ = {isa = PBXFileReference; explicitFileType = wrapper.application; includeInIndex = 0; path = SynthMail.app; sourceTree = BUILT_PRODUCTS_DIR; };
		E2C2A8A0263AEF74007695C7 /* AppDelegate.swift */ = {isa = PBXFileReference; lastKnownFileType = sourcecode.swift; path = AppDelegate.swift; sourceTree = "<group>"; };
		E2C2A8A7263AEF74007695C7 /* Base */ = {isa = PBXFileReference; lastKnownFileType = file.storyboard; name = Base; path = Base.lproj/Main.storyboard; sourceTree = "<group>"; };
		E2C2A8A9263AEF76007695C7 /* Assets.xcassets */ = {isa = PBXFileReference; lastKnownFileType = folder.assetcatalog; path = Assets.xcassets; sourceTree = "<group>"; };
		E2C2A8AC263AEF76007695C7 /* Base */ = {isa = PBXFileReference; lastKnownFileType = file.storyboard; name = Base; path = Base.lproj/LaunchScreen.storyboard; sourceTree = "<group>"; };
		E2C2A8AE263AEF76007695C7 /* Info.plist */ = {isa = PBXFileReference; lastKnownFileType = text.plist.xml; path = Info.plist; sourceTree = "<group>"; };
/* End PBXFileReference section */

/* Begin PBXFrameworksBuildPhase section */
		E2C2A89A263AEF74007695C7 /* Frameworks */ = {
			isa = PBXFrameworksBuildPhase;
			buildActionMask = 2147483647;
			files = (
				78AE0B1D29E0F8060029260B /* XCGLogger in Frameworks */,
				78AE0B2029E0F8200029260B /* MailCore2 in Frameworks */,
			);
			runOnlyForDeploymentPostprocessing = 0;
		};
/* End PBXFrameworksBuildPhase section */

/* Begin PBXGroup section */
		65F56ECDDE6E394B9F95BA15 /* Frameworks */ = {
			isa = PBXGroup;
			children = (
			);
			name = Frameworks;
			sourceTree = "<group>";
		};
		E24441DD263B095A006953C4 /* Supporting Files */ = {
			isa = PBXGroup;
			children = (
				E24441E0263B0996006953C4 /* SWRevealViewController.h */,
				E24441DF263B0996006953C4 /* SWRevealViewController.m */,
				E24441DE263B0995006953C4 /* SynthMail-Bridging-Header.h */,
			);
			path = "Supporting Files";
			sourceTree = "<group>";
		};
		E24441E2263B2C45006953C4 /* Controller */ = {
			isa = PBXGroup;
			children = (
				78C082D529E32DF300FDD9AC /* SendMailVC.swift */,
				E24441E5263B2C96006953C4 /* MailboxMessagesVC.swift */,
				E24441E7263B2CB1006953C4 /* MailboxFoldersVC.swift */,
				E24441EE263B63C0006953C4 /* LoginVC.swift */,
				78997D9929E1A747005CFFDD /* CreateAccountVC.swift */,
			);
			path = Controller;
			sourceTree = "<group>";
		};
		E24441E3263B2C50006953C4 /* View */ = {
			isa = PBXGroup;
			children = (
				785BCAD129E1E5B2003FC5E4 /* MailCell.swift */,
				E24441E9263B377D006953C4 /* GradientView.swift */,
				E2C03E9C26762EAA00A7335C /* RoundedButton.swift */,
				E291C92F269A969F0064471B /* MailboxFolderCell.swift */,
			);
			path = View;
			sourceTree = "<group>";
		};
		E24441E4263B2C59006953C4 /* Model */ = {
			isa = PBXGroup;
			children = (
				78AE0B2129E197BF0029260B /* MailClientParameters.swift */,
				785BCAD929E2B702003FC5E4 /* MailClientNotifications.swift */,
			);
			path = Model;
			sourceTree = "<group>";
		};
		E2C2A894263AEF74007695C7 = {
			isa = PBXGroup;
			children = (
				E2C2A89F263AEF74007695C7 /* SynthMail */,
				E2C2A89E263AEF74007695C7 /* Products */,
				65F56ECDDE6E394B9F95BA15 /* Frameworks */,
			);
			sourceTree = "<group>";
		};
		E2C2A89E263AEF74007695C7 /* Products */ = {
			isa = PBXGroup;
			children = (
				E2C2A89D263AEF74007695C7 /* SynthMail.app */,
			);
			name = Products;
			sourceTree = "<group>";
		};
		E2C2A89F263AEF74007695C7 /* SynthMail */ = {
			isa = PBXGroup;
			children = (
				E24441E4263B2C59006953C4 /* Model */,
				E24441E3263B2C50006953C4 /* View */,
				E24441E2263B2C45006953C4 /* Controller */,
				E24441DD263B095A006953C4 /* Supporting Files */,
				E2C2A8A0263AEF74007695C7 /* AppDelegate.swift */,
				E2C2A8A6263AEF74007695C7 /* Main.storyboard */,
				E2C2A8A9263AEF76007695C7 /* Assets.xcassets */,
				E2C2A8AB263AEF76007695C7 /* LaunchScreen.storyboard */,
				E2C2A8AE263AEF76007695C7 /* Info.plist */,
			);
			path = SynthMail;
			sourceTree = "<group>";
		};
/* End PBXGroup section */

/* Begin PBXNativeTarget section */
		E2C2A89C263AEF74007695C7 /* SynthMail */ = {
			isa = PBXNativeTarget;
			buildConfigurationList = E2C2A8B1263AEF76007695C7 /* Build configuration list for PBXNativeTarget "SynthMail" */;
			buildPhases = (
				E2C2A899263AEF74007695C7 /* Sources */,
				E2C2A89A263AEF74007695C7 /* Frameworks */,
				E2C2A89B263AEF74007695C7 /* Resources */,
			);
			buildRules = (
			);
			dependencies = (
			);
			name = SynthMail;
			packageProductDependencies = (
				78AE0B1C29E0F8060029260B /* XCGLogger */,
				78AE0B1F29E0F8200029260B /* MailCore2 */,
			);
			productName = Smack;
			productReference = E2C2A89D263AEF74007695C7 /* SynthMail.app */;
			productType = "com.apple.product-type.application";
		};
/* End PBXNativeTarget section */

/* Begin PBXProject section */
		E2C2A895263AEF74007695C7 /* Project object */ = {
			isa = PBXProject;
			attributes = {
				LastSwiftUpdateCheck = 1170;
				LastUpgradeCheck = 1170;
				ORGANIZATIONNAME = RecompileMe;
				TargetAttributes = {
					E2C2A89C263AEF74007695C7 = {
						CreatedOnToolsVersion = 11.7;
						LastSwiftMigration = 1170;
					};
				};
			};
			buildConfigurationList = E2C2A898263AEF74007695C7 /* Build configuration list for PBXProject "SynthMail" */;
			compatibilityVersion = "Xcode 9.3";
			developmentRegion = en;
			hasScannedForEncodings = 0;
			knownRegions = (
				en,
				Base,
			);
			mainGroup = E2C2A894263AEF74007695C7;
			packageReferences = (
				78AE0B1B29E0F8060029260B /* XCRemoteSwiftPackageReference "XCGLogger" */,
				78AE0B1E29E0F8200029260B /* XCRemoteSwiftPackageReference "mailcore2" */,
			);
			productRefGroup = E2C2A89E263AEF74007695C7 /* Products */;
			projectDirPath = "";
			projectRoot = "";
			targets = (
				E2C2A89C263AEF74007695C7 /* SynthMail */,
			);
		};
/* End PBXProject section */

/* Begin PBXResourcesBuildPhase section */
		E2C2A89B263AEF74007695C7 /* Resources */ = {
			isa = PBXResourcesBuildPhase;
			buildActionMask = 2147483647;
			files = (
				E2C2A8AD263AEF76007695C7 /* LaunchScreen.storyboard in Resources */,
				E2C2A8AA263AEF76007695C7 /* Assets.xcassets in Resources */,
				E2C2A8A8263AEF74007695C7 /* Main.storyboard in Resources */,
			);
			runOnlyForDeploymentPostprocessing = 0;
		};
/* End PBXResourcesBuildPhase section */

/* Begin PBXSourcesBuildPhase section */
		E2C2A899263AEF74007695C7 /* Sources */ = {
			isa = PBXSourcesBuildPhase;
			buildActionMask = 2147483647;
			files = (
				E291C930269A969F0064471B /* MailboxFolderCell.swift in Sources */,
				785BCAD229E1E5B2003FC5E4 /* MailCell.swift in Sources */,
				E24441E8263B2CB1006953C4 /* MailboxFoldersVC.swift in Sources */,
				E2C03E9D26762EAA00A7335C /* RoundedButton.swift in Sources */,
				E24441E6263B2C96006953C4 /* MailboxMessagesVC.swift in Sources */,
				78C082D629E32DF300FDD9AC /* SendMailVC.swift in Sources */,
				E24441EF263B63C0006953C4 /* LoginVC.swift in Sources */,
				E24441EA263B377D006953C4 /* GradientView.swift in Sources */,
				E2C2A8A1263AEF74007695C7 /* AppDelegate.swift in Sources */,
				785BCADA29E2B702003FC5E4 /* MailClientNotifications.swift in Sources */,
				E24441E1263B0996006953C4 /* SWRevealViewController.m in Sources */,
				78997D9A29E1A747005CFFDD /* CreateAccountVC.swift in Sources */,
				78AE0B2229E197BF0029260B /* MailClientParameters.swift in Sources */,
			);
			runOnlyForDeploymentPostprocessing = 0;
		};
/* End PBXSourcesBuildPhase section */

/* Begin PBXVariantGroup section */
		E2C2A8A6263AEF74007695C7 /* Main.storyboard */ = {
			isa = PBXVariantGroup;
			children = (
				E2C2A8A7263AEF74007695C7 /* Base */,
			);
			name = Main.storyboard;
			sourceTree = "<group>";
		};
		E2C2A8AB263AEF76007695C7 /* LaunchScreen.storyboard */ = {
			isa = PBXVariantGroup;
			children = (
				E2C2A8AC263AEF76007695C7 /* Base */,
			);
			name = LaunchScreen.storyboard;
			sourceTree = "<group>";
		};
/* End PBXVariantGroup section */

/* Begin XCBuildConfiguration section */
		E2C2A8AF263AEF76007695C7 /* Debug */ = {
			isa = XCBuildConfiguration;
			buildSettings = {
				ALWAYS_SEARCH_USER_PATHS = NO;
				CLANG_ANALYZER_NONNULL = YES;
				CLANG_ANALYZER_NUMBER_OBJECT_CONVERSION = YES_AGGRESSIVE;
				CLANG_CXX_LANGUAGE_STANDARD = "gnu++14";
				CLANG_CXX_LIBRARY = "libc++";
				CLANG_ENABLE_MODULES = YES;
				CLANG_ENABLE_OBJC_ARC = YES;
				CLANG_ENABLE_OBJC_WEAK = YES;
				CLANG_WARN_BLOCK_CAPTURE_AUTORELEASING = YES;
				CLANG_WARN_BOOL_CONVERSION = YES;
				CLANG_WARN_COMMA = YES;
				CLANG_WARN_CONSTANT_CONVERSION = YES;
				CLANG_WARN_DEPRECATED_OBJC_IMPLEMENTATIONS = YES;
				CLANG_WARN_DIRECT_OBJC_ISA_USAGE = YES_ERROR;
				CLANG_WARN_DOCUMENTATION_COMMENTS = YES;
				CLANG_WARN_EMPTY_BODY = YES;
				CLANG_WARN_ENUM_CONVERSION = YES;
				CLANG_WARN_INFINITE_RECURSION = YES;
				CLANG_WARN_INT_CONVERSION = YES;
				CLANG_WARN_NON_LITERAL_NULL_CONVERSION = YES;
				CLANG_WARN_OBJC_IMPLICIT_RETAIN_SELF = YES;
				CLANG_WARN_OBJC_LITERAL_CONVERSION = YES;
				CLANG_WARN_OBJC_ROOT_CLASS = YES_ERROR;
				CLANG_WARN_RANGE_LOOP_ANALYSIS = YES;
				CLANG_WARN_STRICT_PROTOTYPES = YES;
				CLANG_WARN_SUSPICIOUS_MOVE = YES;
				CLANG_WARN_UNGUARDED_AVAILABILITY = YES_AGGRESSIVE;
				CLANG_WARN_UNREACHABLE_CODE = YES;
				CLANG_WARN__DUPLICATE_METHOD_MATCH = YES;
				COPY_PHASE_STRIP = NO;
				DEBUG_INFORMATION_FORMAT = dwarf;
				ENABLE_STRICT_OBJC_MSGSEND = YES;
				ENABLE_TESTABILITY = YES;
				GCC_C_LANGUAGE_STANDARD = gnu11;
				GCC_DYNAMIC_NO_PIC = NO;
				GCC_NO_COMMON_BLOCKS = YES;
				GCC_OPTIMIZATION_LEVEL = 0;
				GCC_PREPROCESSOR_DEFINITIONS = (
					"DEBUG=1",
					"$(inherited)",
				);
				GCC_WARN_64_TO_32_BIT_CONVERSION = YES;
				GCC_WARN_ABOUT_RETURN_TYPE = YES_ERROR;
				GCC_WARN_UNDECLARED_SELECTOR = YES;
				GCC_WARN_UNINITIALIZED_AUTOS = YES_AGGRESSIVE;
				GCC_WARN_UNUSED_FUNCTION = YES;
				GCC_WARN_UNUSED_VARIABLE = YES;
				IPHONEOS_DEPLOYMENT_TARGET = 13.7;
				MTL_ENABLE_DEBUG_INFO = INCLUDE_SOURCE;
				MTL_FAST_MATH = YES;
				ONLY_ACTIVE_ARCH = YES;
				SDKROOT = iphoneos;
				SWIFT_ACTIVE_COMPILATION_CONDITIONS = DEBUG;
				SWIFT_OPTIMIZATION_LEVEL = "-Onone";
			};
			name = Debug;
		};
		E2C2A8B0263AEF76007695C7 /* Release */ = {
			isa = XCBuildConfiguration;
			buildSettings = {
				ALWAYS_SEARCH_USER_PATHS = NO;
				CLANG_ANALYZER_NONNULL = YES;
				CLANG_ANALYZER_NUMBER_OBJECT_CONVERSION = YES_AGGRESSIVE;
				CLANG_CXX_LANGUAGE_STANDARD = "gnu++14";
				CLANG_CXX_LIBRARY = "libc++";
				CLANG_ENABLE_MODULES = YES;
				CLANG_ENABLE_OBJC_ARC = YES;
				CLANG_ENABLE_OBJC_WEAK = YES;
				CLANG_WARN_BLOCK_CAPTURE_AUTORELEASING = YES;
				CLANG_WARN_BOOL_CONVERSION = YES;
				CLANG_WARN_COMMA = YES;
				CLANG_WARN_CONSTANT_CONVERSION = YES;
				CLANG_WARN_DEPRECATED_OBJC_IMPLEMENTATIONS = YES;
				CLANG_WARN_DIRECT_OBJC_ISA_USAGE = YES_ERROR;
				CLANG_WARN_DOCUMENTATION_COMMENTS = YES;
				CLANG_WARN_EMPTY_BODY = YES;
				CLANG_WARN_ENUM_CONVERSION = YES;
				CLANG_WARN_INFINITE_RECURSION = YES;
				CLANG_WARN_INT_CONVERSION = YES;
				CLANG_WARN_NON_LITERAL_NULL_CONVERSION = YES;
				CLANG_WARN_OBJC_IMPLICIT_RETAIN_SELF = YES;
				CLANG_WARN_OBJC_LITERAL_CONVERSION = YES;
				CLANG_WARN_OBJC_ROOT_CLASS = YES_ERROR;
				CLANG_WARN_RANGE_LOOP_ANALYSIS = YES;
				CLANG_WARN_STRICT_PROTOTYPES = YES;
				CLANG_WARN_SUSPICIOUS_MOVE = YES;
				CLANG_WARN_UNGUARDED_AVAILABILITY = YES_AGGRESSIVE;
				CLANG_WARN_UNREACHABLE_CODE = YES;
				CLANG_WARN__DUPLICATE_METHOD_MATCH = YES;
				COPY_PHASE_STRIP = NO;
				DEBUG_INFORMATION_FORMAT = "dwarf-with-dsym";
				ENABLE_NS_ASSERTIONS = NO;
				ENABLE_STRICT_OBJC_MSGSEND = YES;
				GCC_C_LANGUAGE_STANDARD = gnu11;
				GCC_NO_COMMON_BLOCKS = YES;
				GCC_WARN_64_TO_32_BIT_CONVERSION = YES;
				GCC_WARN_ABOUT_RETURN_TYPE = YES_ERROR;
				GCC_WARN_UNDECLARED_SELECTOR = YES;
				GCC_WARN_UNINITIALIZED_AUTOS = YES_AGGRESSIVE;
				GCC_WARN_UNUSED_FUNCTION = YES;
				GCC_WARN_UNUSED_VARIABLE = YES;
				IPHONEOS_DEPLOYMENT_TARGET = 13.7;
				MTL_ENABLE_DEBUG_INFO = NO;
				MTL_FAST_MATH = YES;
				SDKROOT = iphoneos;
				SWIFT_COMPILATION_MODE = wholemodule;
				SWIFT_OPTIMIZATION_LEVEL = "-O";
				VALIDATE_PRODUCT = YES;
			};
			name = Release;
		};
		E2C2A8B2263AEF76007695C7 /* Debug */ = {
			isa = XCBuildConfiguration;
			buildSettings = {
				ASSETCATALOG_COMPILER_APPICON_NAME = AppIcon;
				CLANG_ENABLE_MODULES = YES;
				CODE_SIGN_STYLE = Automatic;
				DEVELOPMENT_TEAM = 67BUZRGVX2;
				INFOPLIST_FILE = SynthMail/Info.plist;
				IPHONEOS_DEPLOYMENT_TARGET = 9.3;
				LD_RUNPATH_SEARCH_PATHS = (
					"$(inherited)",
					"@executable_path/Frameworks",
				);
				PRODUCT_BUNDLE_IDENTIFIER = com.customretimes.slack;
				PRODUCT_NAME = "$(TARGET_NAME)";
				SWIFT_OBJC_BRIDGING_HEADER = "./SynthMail/Supporting Files/SynthMail-Bridging-Header.h";
				SWIFT_OPTIMIZATION_LEVEL = "-Onone";
				SWIFT_VERSION = 5.0;
				TARGETED_DEVICE_FAMILY = "1,2";
			};
			name = Debug;
		};
		E2C2A8B3263AEF76007695C7 /* Release */ = {
			isa = XCBuildConfiguration;
			buildSettings = {
				ASSETCATALOG_COMPILER_APPICON_NAME = AppIcon;
				CLANG_ENABLE_MODULES = YES;
				CODE_SIGN_STYLE = Automatic;
				DEVELOPMENT_TEAM = 67BUZRGVX2;
				INFOPLIST_FILE = SynthMail/Info.plist;
				IPHONEOS_DEPLOYMENT_TARGET = 9.3;
				LD_RUNPATH_SEARCH_PATHS = (
					"$(inherited)",
					"@executable_path/Frameworks",
				);
				PRODUCT_BUNDLE_IDENTIFIER = com.customretimes.slack;
				PRODUCT_NAME = "$(TARGET_NAME)";
				SWIFT_OBJC_BRIDGING_HEADER = "./SynthMail/Supporting Files/SynthMail-Bridging-Header.h";
				SWIFT_VERSION = 5.0;
				TARGETED_DEVICE_FAMILY = "1,2";
			};
			name = Release;
		};
/* End XCBuildConfiguration section */

/* Begin XCConfigurationList section */
		E2C2A898263AEF74007695C7 /* Build configuration list for PBXProject "SynthMail" */ = {
			isa = XCConfigurationList;
			buildConfigurations = (
				E2C2A8AF263AEF76007695C7 /* Debug */,
				E2C2A8B0263AEF76007695C7 /* Release */,
			);
			defaultConfigurationIsVisible = 0;
			defaultConfigurationName = Release;
		};
		E2C2A8B1263AEF76007695C7 /* Build configuration list for PBXNativeTarget "SynthMail" */ = {
			isa = XCConfigurationList;
			buildConfigurations = (
				E2C2A8B2263AEF76007695C7 /* Debug */,
				E2C2A8B3263AEF76007695C7 /* Release */,
			);
			defaultConfigurationIsVisible = 0;
			defaultConfigurationName = Release;
		};
/* End XCConfigurationList section */

/* Begin XCRemoteSwiftPackageReference section */
		78AE0B1B29E0F8060029260B /* XCRemoteSwiftPackageReference "XCGLogger" */ = {
			isa = XCRemoteSwiftPackageReference;
			repositoryURL = "https://github.com/DaveWoodCom/XCGLogger.git";
			requirement = {
				kind = upToNextMajorVersion;
				minimumVersion = 7.0.1;
			};
		};
		78AE0B1E29E0F8200029260B /* XCRemoteSwiftPackageReference "mailcore2" */ = {
			isa = XCRemoteSwiftPackageReference;
			repositoryURL = "https://github.com/MailCore/mailcore2";
			requirement = {
				branch = master;
				kind = branch;
			};
		};
/* End XCRemoteSwiftPackageReference section */

/* Begin XCSwiftPackageProductDependency section */
		78AE0B1C29E0F8060029260B /* XCGLogger */ = {
			isa = XCSwiftPackageProductDependency;
			package = 78AE0B1B29E0F8060029260B /* XCRemoteSwiftPackageReference "XCGLogger" */;
			productName = XCGLogger;
		};
		78AE0B1F29E0F8200029260B /* MailCore2 */ = {
			isa = XCSwiftPackageProductDependency;
			package = 78AE0B1E29E0F8200029260B /* XCRemoteSwiftPackageReference "mailcore2" */;
			productName = MailCore2;
		};
/* End XCSwiftPackageProductDependency section */
	};
	rootObject = E2C2A895263AEF74007695C7 /* Project object */;
}
